
Microsoft Visual Studio Solution File, Format Version 12.00
# Visual Studio Version 17
VisualStudioVersion = 17.9.34728.123
MinimumVisualStudioVersion = 10.0.40219.1
Project("{FAE04EC0-301F-11D3-BF4B-00C04F79EFBC}") = "WebApiPerson", "WebApiPerson\WebApiPerson.csproj", "{BEE377E0-71A5-4C77-B403-EEAE0282AC89}"
EndProject
Global
	GlobalSection(SolutionConfigurationPlatforms) = preSolution
		Debug|Any CPU = Debug|Any CPU
		Release|Any CPU = Release|Any CPU
	EndGlobalSection
	GlobalSection(ProjectConfigurationPlatforms) = postSolution
		{BEE377E0-71A5-4C77-B403-EEAE0282AC89}.Debug|Any CPU.ActiveCfg = Debug|Any CPU
		{BEE377E0-71A5-4C77-B403-EEAE0282AC89}.Debug|Any CPU.Build.0 = Debug|Any CPU
		{BEE377E0-71A5-4C77-B403-EEAE0282AC89}.Release|Any CPU.ActiveCfg = Release|Any CPU
		{BEE377E0-71A5-4C77-B403-EEAE0282AC89}.Release|Any CPU.Build.0 = Release|Any CPU
	EndGlobalSection
	GlobalSection(SolutionProperties) = preSolution
		HideSolutionNode = FALSE
	EndGlobalSection
	GlobalSection(ExtensibilityGlobals) = postSolution
		SolutionGuid = {D5B1F042-55C2-445A-BC29-8E511021D6EE}
	EndGlobalSection
EndGlobal
